
Microsoft Visual Studio Solution File, Format Version 12.00
# Visual Studio Version 17
VisualStudioVersion = 17.5.33502.453
MinimumVisualStudioVersion = 10.0.40219.1
Project("{FAE04EC0-301F-11D3-BF4B-00C04F79EFBC}") = "progressbar", "progressbar\progressbar.csproj", "{D384B93B-F8E2-4BC9-8796-2558F7F20834}"
EndProject
Global
	GlobalSection(SolutionConfigurationPlatforms) = preSolution
		Debug|Any CPU = Debug|Any CPU
		Release|Any CPU = Release|Any CPU
	EndGlobalSection
	GlobalSection(ProjectConfigurationPlatforms) = postSolution
		{D384B93B-F8E2-4BC9-8796-2558F7F20834}.Debug|Any CPU.ActiveCfg = Debug|Any CPU
		{D384B93B-F8E2-4BC9-8796-2558F7F20834}.Debug|Any CPU.Build.0 = Debug|Any CPU
		{D384B93B-F8E2-4BC9-8796-2558F7F20834}.Release|Any CPU.ActiveCfg = Release|Any CPU
		{D384B93B-F8E2-4BC9-8796-2558F7F20834}.Release|Any CPU.Build.0 = Release|Any CPU
	EndGlobalSection
	GlobalSection(SolutionProperties) = preSolution
		HideSolutionNode = FALSE
	EndGlobalSection
	GlobalSection(ExtensibilityGlobals) = postSolution
		SolutionGuid = {53B4D12C-41AE-4E1F-8CA4-7AFB790BC2E5}
	EndGlobalSection
EndGlobal
