
Microsoft Visual Studio Solution File, Format Version 12.00
# Visual Studio Version 17
VisualStudioVersion = 17.5.33502.453
MinimumVisualStudioVersion = 10.0.40219.1
Project("{FAE04EC0-301F-11D3-BF4B-00C04F79EFBC}") = "örnek", "örnek\örnek.csproj", "{CE1AC7C2-2086-4F4B-9886-3D96C45272B6}"
EndProject
Global
	GlobalSection(SolutionConfigurationPlatforms) = preSolution
		Debug|Any CPU = Debug|Any CPU
		Release|Any CPU = Release|Any CPU
	EndGlobalSection
	GlobalSection(ProjectConfigurationPlatforms) = postSolution
		{CE1AC7C2-2086-4F4B-9886-3D96C45272B6}.Debug|Any CPU.ActiveCfg = Debug|Any CPU
		{CE1AC7C2-2086-4F4B-9886-3D96C45272B6}.Debug|Any CPU.Build.0 = Debug|Any CPU
		{CE1AC7C2-2086-4F4B-9886-3D96C45272B6}.Release|Any CPU.ActiveCfg = Release|Any CPU
		{CE1AC7C2-2086-4F4B-9886-3D96C45272B6}.Release|Any CPU.Build.0 = Release|Any CPU
	EndGlobalSection
	GlobalSection(SolutionProperties) = preSolution
		HideSolutionNode = FALSE
	EndGlobalSection
	GlobalSection(ExtensibilityGlobals) = postSolution
		SolutionGuid = {2D203C3D-CF25-4504-85D1-160F674AA1A9}
	EndGlobalSection
EndGlobal
